<?xml version="1.0" encoding="utf-8"?>
<Project ToolsVersion="4.0" xmlns="http://schemas.microsoft.com/developer/msbuild/2003">
  <ItemGroup>
    <ClCompile Include="main.cpp" />
    <ClCompile Include="Reinforcement_LearningQLearning.cpp">
      <Filter>Source Files</Filter>
    </ClCompile>
    <ClCompile Include="Environment.cpp">
      <Filter>Source Files</Filter>
    </ClCompile>
    <ClCompile Include="Point.cpp">
      <Filter>Source Files</Filter>
    </ClCompile>
    <ClCompile Include="QLearningAgent.cpp">
      <Filter>Source Files</Filter>
    </ClCompile>
    <ClCompile Include="AbstractMDP.cpp">
      <Filter>Source Files</Filter>
    </ClCompile>
    <ClCompile Include="SARSA.cpp">
      <Filter>Source Files</Filter>
    </ClCompile>
    <ClCompile Include="AproxQLearning.cpp">
      <Filter>Source Files</Filter>
    </ClCompile>
    <ClCompile Include="ParameterDialog.cpp">
      <Filter>Source Files</Filter>
    </ClCompile>
    <ClCompile Include="PrivateSlots.cpp">
      <Filter>Source Files</Filter>
    </ClCompile>
    <ClCompile Include="PlayAndTrain.cpp">
      <Filter>Source Files</Filter>
    </ClCompile>
    <ClCompile Include="Feature.cpp">
      <Filter>Source Files</Filter>
    </ClCompile>
    <ClCompile Include="FeatureModel.cpp">
      <Filter>Source Files</Filter>
    </ClCompile>
    <ClCompile Include="FeatureDialog.cpp">
      <Filter>Source Files</Filter>
    </ClCompile>
    <ClCompile Include="NeuralNetwork.cpp">
      <Filter>Source Files</Filter>
    </ClCompile>
    <ClCompile Include="Matrix.cpp">
      <Filter>Source Files</Filter>
    </ClCompile>
  </ItemGroup>
  <ItemGroup>
    <Filter Include="Resource Files">
      <UniqueIdentifier>{D9D6E242-F8AF-46E4-B9FD-80ECBC20BA3E}</UniqueIdentifier>
      <Extensions>qrc;*</Extensions>
      <ParseFiles>false</ParseFiles>
    </Filter>
    <Filter Include="Source Files">
      <UniqueIdentifier>{4FC737F1-C7A5-4376-A066-2A32D752A2FF}</UniqueIdentifier>
      <Extensions>cpp;c;cc;cxx;def;odl;idl;hpj;bat;asm;asmx</Extensions>
      <ParseFiles>true</ParseFiles>
    </Filter>
    <Filter Include="Header Files">
      <UniqueIdentifier>{93995380-89BD-4b04-88EB-625FBE52EBFB}</UniqueIdentifier>
      <Extensions>h;hh;hpp;hxx;hm;inl;inc;xsd</Extensions>
      <ParseFiles>true</ParseFiles>
    </Filter>
    <Filter Include="Form Files">
      <UniqueIdentifier>{99349809-55BA-4b9d-BF79-8FDBB0286EB3}</UniqueIdentifier>
      <Extensions>ui</Extensions>
      <ParseFiles>true</ParseFiles>
    </Filter>
  </ItemGroup>
  <ItemGroup>
    <QtMoc Include="Reinforcement_LearningQLearning.h">
      <Filter>Header Files</Filter>
    </QtMoc>
    <QtMoc Include="ParameterDialog.h">
      <Filter>Header Files</Filter>
    </QtMoc>
    <QtMoc Include="FeatureDialog.h">
      <Filter>Header Files</Filter>
    </QtMoc>
  </ItemGroup>
  <ItemGroup>
    <QtUic Include="Reinforcement_LearningQLearning.ui">
      <Filter>Form Files</Filter>
    </QtUic>
    <QtUic Include="ParameterDialog.ui">
      <Filter>Form Files</Filter>
    </QtUic>
    <QtUic Include="FeatureDialog.ui">
      <Filter>Form Files</Filter>
    </QtUic>
  </ItemGroup>
  <ItemGroup>
    <QtRcc Include="Reinforcement_LearningQLearning.qrc">
      <Filter>Resource Files</Filter>
    </QtRcc>
  </ItemGroup>
  <ItemGroup>
    <ClInclude Include="Constants.h">
      <Filter>Header Files</Filter>
    </ClInclude>
    <ClInclude Include="Environment.h">
      <Filter>Header Files</Filter>
    </ClInclude>
    <ClInclude Include="Point.h">
      <Filter>Header Files</Filter>
    </ClInclude>
    <ClInclude Include="QLearningAgent.h">
      <Filter>Header Files</Filter>
    </ClInclude>
    <ClInclude Include="AbstractMDP.h">
      <Filter>Header Files</Filter>
    </ClInclude>
    <ClInclude Include="SARSA.h">
      <Filter>Header Files</Filter>
    </ClInclude>
    <ClInclude Include="AproxQLearning.h">
      <Filter>Header Files</Filter>
    </ClInclude>
    <ClInclude Include="Feature.h">
      <Filter>Header Files</Filter>
    </ClInclude>
    <ClInclude Include="FeatureModel.h">
      <Filter>Header Files</Filter>
    </ClInclude>
    <ClInclude Include="NeuralNetwork.h">
      <Filter>Header Files</Filter>
    </ClInclude>
    <ClInclude Include="Matrix.h">
      <Filter>Header Files</Filter>
    </ClInclude>
  </ItemGroup>
</Project>